# This file is automatically @generated by Cargo.
# It is not intended for manual editing.
version = 3

[[package]]
name = "bootloader_api"
version = "0.11.7"
source = "registry+https://github.com/rust-lang/crates.io-index"
checksum = "a35ba5100c2431e20b924c8103c2cf8adb919ed9880f625e8770c3cb9d1b06aa"

[[package]]
name = "monos_kernel"
version = "0.1.0"
dependencies = [
 "bootloader_api",
]
